
Microsoft Visual Studio Solution File, Format Version 12.00
# Visual Studio Version 17
VisualStudioVersion = 17.13.35919.96 d17.13
MinimumVisualStudioVersion = 10.0.40219.1
Project("{FAE04EC0-301F-11D3-BF4B-00C04F79EFBC}") = "UtilizareListView", "UtilizareListView\UtilizareListView.csproj", "{A9395C08-0D63-4993-B04C-0ACBB3571E22}"
EndProject
Global
	GlobalSection(SolutionConfigurationPlatforms) = preSolution
		Debug|Any CPU = Debug|Any CPU
		Release|Any CPU = Release|Any CPU
	EndGlobalSection
	GlobalSection(ProjectConfigurationPlatforms) = postSolution
		{A9395C08-0D63-4993-B04C-0ACBB3571E22}.Debug|Any CPU.ActiveCfg = Debug|Any CPU
		{A9395C08-0D63-4993-B04C-0ACBB3571E22}.Debug|Any CPU.Build.0 = Debug|Any CPU
		{A9395C08-0D63-4993-B04C-0ACBB3571E22}.Release|Any CPU.ActiveCfg = Release|Any CPU
		{A9395C08-0D63-4993-B04C-0ACBB3571E22}.Release|Any CPU.Build.0 = Release|Any CPU
	EndGlobalSection
	GlobalSection(SolutionProperties) = preSolution
		HideSolutionNode = FALSE
	EndGlobalSection
	GlobalSection(ExtensibilityGlobals) = postSolution
		SolutionGuid = {E9F878B9-ED00-4F85-80CC-9E1444DC7771}
	EndGlobalSection
EndGlobal
